// !$*UTF8*$!
{
	archiveVersion = 1;
	classes = {
	};
	objectVersion = 48;
	objects = {

/* Begin PBXBuildFile section */
		4F58A8C5FDD342E207A2D063 /* Pods_TweetFlyers.framework in Frameworks */ = {isa = PBXBuildFile; fileRef = FED58DE6877E9304B10F9BAE /* Pods_TweetFlyers.framework */; };
		B33268322098CBC90056E7EE /* AppDelegate.swift in Sources */ = {isa = PBXBuildFile; fileRef = B33268312098CBC90056E7EE /* AppDelegate.swift */; };
		B33268342098CBC90056E7EE /* ViewController.swift in Sources */ = {isa = PBXBuildFile; fileRef = B33268332098CBC90056E7EE /* ViewController.swift */; };
		B33268372098CBC90056E7EE /* Main.storyboard in Resources */ = {isa = PBXBuildFile; fileRef = B33268352098CBC90056E7EE /* Main.storyboard */; };
		B33268392098CBC90056E7EE /* Assets.xcassets in Resources */ = {isa = PBXBuildFile; fileRef = B33268382098CBC90056E7EE /* Assets.xcassets */; };
		B332683C2098CBC90056E7EE /* LaunchScreen.storyboard in Resources */ = {isa = PBXBuildFile; fileRef = B332683A2098CBC90056E7EE /* LaunchScreen.storyboard */; };
		B33268472098CBC90056E7EE /* TweetFlyersTests.swift in Sources */ = {isa = PBXBuildFile; fileRef = B33268462098CBC90056E7EE /* TweetFlyersTests.swift */; };
		B33268522098CBC90056E7EE /* TweetFlyersUITests.swift in Sources */ = {isa = PBXBuildFile; fileRef = B33268512098CBC90056E7EE /* TweetFlyersUITests.swift */; };
		B33268632098CBF90056E7EE /* FBAuth.swift in Sources */ = {isa = PBXBuildFile; fileRef = B33268622098CBF90056E7EE /* FBAuth.swift */; };
		B33268652098CBFF0056E7EE /* FBDatabase.swift in Sources */ = {isa = PBXBuildFile; fileRef = B33268642098CBFF0056E7EE /* FBDatabase.swift */; };
		B33268672098CC040056E7EE /* Refs.swift in Sources */ = {isa = PBXBuildFile; fileRef = B33268662098CC040056E7EE /* Refs.swift */; };
		B33268692098CC4D0056E7EE /* ProfileTableViewCell.swift in Sources */ = {isa = PBXBuildFile; fileRef = B33268682098CC4D0056E7EE /* ProfileTableViewCell.swift */; };
		B332686C2098CC5D0056E7EE /* TweetTableViewCell.swift in Sources */ = {isa = PBXBuildFile; fileRef = B332686A2098CC5D0056E7EE /* TweetTableViewCell.swift */; };
		B332686D2098CC5D0056E7EE /* SearchTableViewCell.swift in Sources */ = {isa = PBXBuildFile; fileRef = B332686B2098CC5D0056E7EE /* SearchTableViewCell.swift */; };
		B33268742098CC9D0056E7EE /* Model.swift in Sources */ = {isa = PBXBuildFile; fileRef = B33268702098CC9D0056E7EE /* Model.swift */; };
		B33268752098CC9D0056E7EE /* User.swift in Sources */ = {isa = PBXBuildFile; fileRef = B33268712098CC9D0056E7EE /* User.swift */; };
		B33268762098CC9D0056E7EE /* Tweet.swift in Sources */ = {isa = PBXBuildFile; fileRef = B33268722098CC9D0056E7EE /* Tweet.swift */; };
		B33268772098CC9D0056E7EE /* Hashtag.swift in Sources */ = {isa = PBXBuildFile; fileRef = B33268732098CC9D0056E7EE /* Hashtag.swift */; };
		B332687D2098CCC40056E7EE /* UIBindingActivityIndicatorView.swift in Sources */ = {isa = PBXBuildFile; fileRef = B33268792098CCC40056E7EE /* UIBindingActivityIndicatorView.swift */; };
		B332687E2098CCC40056E7EE /* UIGradientButton.swift in Sources */ = {isa = PBXBuildFile; fileRef = B332687A2098CCC40056E7EE /* UIGradientButton.swift */; };
		B332687F2098CCC40056E7EE /* UIProfileImageView.swift in Sources */ = {isa = PBXBuildFile; fileRef = B332687B2098CCC40056E7EE /* UIProfileImageView.swift */; };
		B33268802098CCC40056E7EE /* UIBindingTextField.swift in Sources */ = {isa = PBXBuildFile; fileRef = B332687C2098CCC40056E7EE /* UIBindingTextField.swift */; };
		B33268852098CCE50056E7EE /* RegistrationViewModel.swift in Sources */ = {isa = PBXBuildFile; fileRef = B33268822098CCE40056E7EE /* RegistrationViewModel.swift */; };
		B33268862098CCE50056E7EE /* NewTweetViewModel.swift in Sources */ = {isa = PBXBuildFile; fileRef = B33268832098CCE40056E7EE /* NewTweetViewModel.swift */; };
		B33268872098CCE50056E7EE /* SignInViewModel.swift in Sources */ = {isa = PBXBuildFile; fileRef = B33268842098CCE50056E7EE /* SignInViewModel.swift */; };
		B33268892098CFB30056E7EE /* GoogleService-Info.plist in Resources */ = {isa = PBXBuildFile; fileRef = B33268882098CFB20056E7EE /* GoogleService-Info.plist */; };
		B37E9A9C2098DA1100F164B3 /* RegistrationPageOneViewController.swift in Sources */ = {isa = PBXBuildFile; fileRef = B37E9A952098DA1000F164B3 /* RegistrationPageOneViewController.swift */; };
		B37E9A9D2098DA1100F164B3 /* SearchViewController.swift in Sources */ = {isa = PBXBuildFile; fileRef = B37E9A962098DA1000F164B3 /* SearchViewController.swift */; };
		B37E9A9E2098DA1100F164B3 /* NewTweetViewController.swift in Sources */ = {isa = PBXBuildFile; fileRef = B37E9A972098DA1000F164B3 /* NewTweetViewController.swift */; };
		B37E9A9F2098DA1100F164B3 /* SignInViewController.swift in Sources */ = {isa = PBXBuildFile; fileRef = B37E9A982098DA1100F164B3 /* SignInViewController.swift */; };
		B37E9AA02098DA1100F164B3 /* ProfileViewController.swift in Sources */ = {isa = PBXBuildFile; fileRef = B37E9A992098DA1100F164B3 /* ProfileViewController.swift */; };
		B37E9AA12098DA1100F164B3 /* RegistrationPageTwoViewController.swift in Sources */ = {isa = PBXBuildFile; fileRef = B37E9A9A2098DA1100F164B3 /* RegistrationPageTwoViewController.swift */; };
		B37E9AA22098DA1100F164B3 /* TweetsViewController.swift in Sources */ = {isa = PBXBuildFile; fileRef = B37E9A9B2098DA1100F164B3 /* TweetsViewController.swift */; };
/* End PBXBuildFile section */

/* Begin PBXContainerItemProxy section */
		B33268432098CBC90056E7EE /* PBXContainerItemProxy */ = {
			isa = PBXContainerItemProxy;
			containerPortal = B33268262098CBC90056E7EE /* Project object */;
			proxyType = 1;
			remoteGlobalIDString = B332682D2098CBC90056E7EE;
			remoteInfo = TweetFlyers;
		};
		B332684E2098CBC90056E7EE /* PBXContainerItemProxy */ = {
			isa = PBXContainerItemProxy;
			containerPortal = B33268262098CBC90056E7EE /* Project object */;
			proxyType = 1;
			remoteGlobalIDString = B332682D2098CBC90056E7EE;
			remoteInfo = TweetFlyers;
		};
/* End PBXContainerItemProxy section */

/* Begin PBXFileReference section */
		7D93700B54EA073BA4C76DDC /* Pods-TweetFlyers.release.xcconfig */ = {isa = PBXFileReference; includeInIndex = 1; lastKnownFileType = text.xcconfig; name = "Pods-TweetFlyers.release.xcconfig"; path = "Pods/Target Support Files/Pods-TweetFlyers/Pods-TweetFlyers.release.xcconfig"; sourceTree = "<group>"; };
		AA19A616A09ACDD28C7D74D4 /* Pods-TweetFlyers.debug.xcconfig */ = {isa = PBXFileReference; includeInIndex = 1; lastKnownFileType = text.xcconfig; name = "Pods-TweetFlyers.debug.xcconfig"; path = "Pods/Target Support Files/Pods-TweetFlyers/Pods-TweetFlyers.debug.xcconfig"; sourceTree = "<group>"; };
		B332682E2098CBC90056E7EE /* TweetFlyers.app */ = {isa = PBXFileReference; explicitFileType = wrapper.application; includeInIndex = 0; path = TweetFlyers.app; sourceTree = BUILT_PRODUCTS_DIR; };
		B33268312098CBC90056E7EE /* AppDelegate.swift */ = {isa = PBXFileReference; lastKnownFileType = sourcecode.swift; path = AppDelegate.swift; sourceTree = "<group>"; };
		B33268332098CBC90056E7EE /* ViewController.swift */ = {isa = PBXFileReference; lastKnownFileType = sourcecode.swift; path = ViewController.swift; sourceTree = "<group>"; };
		B33268362098CBC90056E7EE /* Base */ = {isa = PBXFileReference; lastKnownFileType = file.storyboard; name = Base; path = Base.lproj/Main.storyboard; sourceTree = "<group>"; };
		B33268382098CBC90056E7EE /* Assets.xcassets */ = {isa = PBXFileReference; lastKnownFileType = folder.assetcatalog; path = Assets.xcassets; sourceTree = "<group>"; };
		B332683B2098CBC90056E7EE /* Base */ = {isa = PBXFileReference; lastKnownFileType = file.storyboard; name = Base; path = Base.lproj/LaunchScreen.storyboard; sourceTree = "<group>"; };
		B332683D2098CBC90056E7EE /* Info.plist */ = {isa = PBXFileReference; lastKnownFileType = text.plist.xml; path = Info.plist; sourceTree = "<group>"; };
		B33268422098CBC90056E7EE /* TweetFlyersTests.xctest */ = {isa = PBXFileReference; explicitFileType = wrapper.cfbundle; includeInIndex = 0; path = TweetFlyersTests.xctest; sourceTree = BUILT_PRODUCTS_DIR; };
		B33268462098CBC90056E7EE /* TweetFlyersTests.swift */ = {isa = PBXFileReference; lastKnownFileType = sourcecode.swift; path = TweetFlyersTests.swift; sourceTree = "<group>"; };
		B33268482098CBC90056E7EE /* Info.plist */ = {isa = PBXFileReference; lastKnownFileType = text.plist.xml; path = Info.plist; sourceTree = "<group>"; };
		B332684D2098CBC90056E7EE /* TweetFlyersUITests.xctest */ = {isa = PBXFileReference; explicitFileType = wrapper.cfbundle; includeInIndex = 0; path = TweetFlyersUITests.xctest; sourceTree = BUILT_PRODUCTS_DIR; };
		B33268512098CBC90056E7EE /* TweetFlyersUITests.swift */ = {isa = PBXFileReference; lastKnownFileType = sourcecode.swift; path = TweetFlyersUITests.swift; sourceTree = "<group>"; };
		B33268532098CBC90056E7EE /* Info.plist */ = {isa = PBXFileReference; lastKnownFileType = text.plist.xml; path = Info.plist; sourceTree = "<group>"; };
		B33268622098CBF90056E7EE /* FBAuth.swift */ = {isa = PBXFileReference; fileEncoding = 4; lastKnownFileType = sourcecode.swift; path = FBAuth.swift; sourceTree = "<group>"; };
		B33268642098CBFF0056E7EE /* FBDatabase.swift */ = {isa = PBXFileReference; fileEncoding = 4; lastKnownFileType = sourcecode.swift; path = FBDatabase.swift; sourceTree = "<group>"; };
		B33268662098CC040056E7EE /* Refs.swift */ = {isa = PBXFileReference; fileEncoding = 4; lastKnownFileType = sourcecode.swift; path = Refs.swift; sourceTree = "<group>"; };
		B33268682098CC4D0056E7EE /* ProfileTableViewCell.swift */ = {isa = PBXFileReference; fileEncoding = 4; lastKnownFileType = sourcecode.swift; path = ProfileTableViewCell.swift; sourceTree = "<group>"; };
		B332686A2098CC5D0056E7EE /* TweetTableViewCell.swift */ = {isa = PBXFileReference; fileEncoding = 4; lastKnownFileType = sourcecode.swift; path = TweetTableViewCell.swift; sourceTree = "<group>"; };
		B332686B2098CC5D0056E7EE /* SearchTableViewCell.swift */ = {isa = PBXFileReference; fileEncoding = 4; lastKnownFileType = sourcecode.swift; path = SearchTableViewCell.swift; sourceTree = "<group>"; };
		B33268702098CC9D0056E7EE /* Model.swift */ = {isa = PBXFileReference; fileEncoding = 4; lastKnownFileType = sourcecode.swift; path = Model.swift; sourceTree = "<group>"; };
		B33268712098CC9D0056E7EE /* User.swift */ = {isa = PBXFileReference; fileEncoding = 4; lastKnownFileType = sourcecode.swift; path = User.swift; sourceTree = "<group>"; };
		B33268722098CC9D0056E7EE /* Tweet.swift */ = {isa = PBXFileReference; fileEncoding = 4; lastKnownFileType = sourcecode.swift; path = Tweet.swift; sourceTree = "<group>"; };
		B33268732098CC9D0056E7EE /* Hashtag.swift */ = {isa = PBXFileReference; fileEncoding = 4; lastKnownFileType = sourcecode.swift; path = Hashtag.swift; sourceTree = "<group>"; };
		B33268792098CCC40056E7EE /* UIBindingActivityIndicatorView.swift */ = {isa = PBXFileReference; fileEncoding = 4; lastKnownFileType = sourcecode.swift; path = UIBindingActivityIndicatorView.swift; sourceTree = "<group>"; };
		B332687A2098CCC40056E7EE /* UIGradientButton.swift */ = {isa = PBXFileReference; fileEncoding = 4; lastKnownFileType = sourcecode.swift; path = UIGradientButton.swift; sourceTree = "<group>"; };
		B332687B2098CCC40056E7EE /* UIProfileImageView.swift */ = {isa = PBXFileReference; fileEncoding = 4; lastKnownFileType = sourcecode.swift; path = UIProfileImageView.swift; sourceTree = "<group>"; };
		B332687C2098CCC40056E7EE /* UIBindingTextField.swift */ = {isa = PBXFileReference; fileEncoding = 4; lastKnownFileType = sourcecode.swift; path = UIBindingTextField.swift; sourceTree = "<group>"; };
		B33268822098CCE40056E7EE /* RegistrationViewModel.swift */ = {isa = PBXFileReference; fileEncoding = 4; lastKnownFileType = sourcecode.swift; path = RegistrationViewModel.swift; sourceTree = "<group>"; };
		B33268832098CCE40056E7EE /* NewTweetViewModel.swift */ = {isa = PBXFileReference; fileEncoding = 4; lastKnownFileType = sourcecode.swift; path = NewTweetViewModel.swift; sourceTree = "<group>"; };
		B33268842098CCE50056E7EE /* SignInViewModel.swift */ = {isa = PBXFileReference; fileEncoding = 4; lastKnownFileType = sourcecode.swift; path = SignInViewModel.swift; sourceTree = "<group>"; };
		B33268882098CFB20056E7EE /* GoogleService-Info.plist */ = {isa = PBXFileReference; fileEncoding = 4; lastKnownFileType = text.plist.xml; path = "GoogleService-Info.plist"; sourceTree = "<group>"; };
		B37E9A952098DA1000F164B3 /* RegistrationPageOneViewController.swift */ = {isa = PBXFileReference; fileEncoding = 4; lastKnownFileType = sourcecode.swift; path = RegistrationPageOneViewController.swift; sourceTree = "<group>"; };
		B37E9A962098DA1000F164B3 /* SearchViewController.swift */ = {isa = PBXFileReference; fileEncoding = 4; lastKnownFileType = sourcecode.swift; path = SearchViewController.swift; sourceTree = "<group>"; };
		B37E9A972098DA1000F164B3 /* NewTweetViewController.swift */ = {isa = PBXFileReference; fileEncoding = 4; lastKnownFileType = sourcecode.swift; path = NewTweetViewController.swift; sourceTree = "<group>"; };
		B37E9A982098DA1100F164B3 /* SignInViewController.swift */ = {isa = PBXFileReference; fileEncoding = 4; lastKnownFileType = sourcecode.swift; path = SignInViewController.swift; sourceTree = "<group>"; };
		B37E9A992098DA1100F164B3 /* ProfileViewController.swift */ = {isa = PBXFileReference; fileEncoding = 4; lastKnownFileType = sourcecode.swift; path = ProfileViewController.swift; sourceTree = "<group>"; };
		B37E9A9A2098DA1100F164B3 /* RegistrationPageTwoViewController.swift */ = {isa = PBXFileReference; fileEncoding = 4; lastKnownFileType = sourcecode.swift; path = RegistrationPageTwoViewController.swift; sourceTree = "<group>"; };
		B37E9A9B2098DA1100F164B3 /* TweetsViewController.swift */ = {isa = PBXFileReference; fileEncoding = 4; lastKnownFileType = sourcecode.swift; path = TweetsViewController.swift; sourceTree = "<group>"; };
		FED58DE6877E9304B10F9BAE /* Pods_TweetFlyers.framework */ = {isa = PBXFileReference; explicitFileType = wrapper.framework; includeInIndex = 0; path = Pods_TweetFlyers.framework; sourceTree = BUILT_PRODUCTS_DIR; };
/* End PBXFileReference section */

/* Begin PBXFrameworksBuildPhase section */
		B332682B2098CBC90056E7EE /* Frameworks */ = {
			isa = PBXFrameworksBuildPhase;
			buildActionMask = 2147483647;
			files = (
				4F58A8C5FDD342E207A2D063 /* Pods_TweetFlyers.framework in Frameworks */,
			);
			runOnlyForDeploymentPostprocessing = 0;
		};
		B332683F2098CBC90056E7EE /* Frameworks */ = {
			isa = PBXFrameworksBuildPhase;
			buildActionMask = 2147483647;
			files = (
			);
			runOnlyForDeploymentPostprocessing = 0;
		};
		B332684A2098CBC90056E7EE /* Frameworks */ = {
			isa = PBXFrameworksBuildPhase;
			buildActionMask = 2147483647;
			files = (
			);
			runOnlyForDeploymentPostprocessing = 0;
		};
/* End PBXFrameworksBuildPhase section */

/* Begin PBXGroup section */
		9F8415FA06DB7F3AC48A16A6 /* Pods */ = {
			isa = PBXGroup;
			children = (
				AA19A616A09ACDD28C7D74D4 /* Pods-TweetFlyers.debug.xcconfig */,
				7D93700B54EA073BA4C76DDC /* Pods-TweetFlyers.release.xcconfig */,
			);
			name = Pods;
			sourceTree = "<group>";
		};
		B33268252098CBC90056E7EE = {
			isa = PBXGroup;
			children = (
				B33268302098CBC90056E7EE /* TweetFlyers */,
				B33268452098CBC90056E7EE /* TweetFlyersTests */,
				B33268502098CBC90056E7EE /* TweetFlyersUITests */,
				B332682F2098CBC90056E7EE /* Products */,
				9F8415FA06DB7F3AC48A16A6 /* Pods */,
				F6EF4303D850D7A79DA5E1AD /* Frameworks */,
			);
			sourceTree = "<group>";
		};
		B332682F2098CBC90056E7EE /* Products */ = {
			isa = PBXGroup;
			children = (
				B332682E2098CBC90056E7EE /* TweetFlyers.app */,
				B33268422098CBC90056E7EE /* TweetFlyersTests.xctest */,
				B332684D2098CBC90056E7EE /* TweetFlyersUITests.xctest */,
			);
			name = Products;
			sourceTree = "<group>";
		};
		B33268302098CBC90056E7EE /* TweetFlyers */ = {
			isa = PBXGroup;
			children = (
				B37E9A942098DA0100F164B3 /* ViewController */,
				B33268882098CFB20056E7EE /* GoogleService-Info.plist */,
				B33268812098CCD20056E7EE /* ViewModel */,
				B33268782098CCB00056E7EE /* UIView */,
				B332686F2098CC910056E7EE /* Model */,
				B332686E2098CC630056E7EE /* Cell */,
				B33268612098CBEC0056E7EE /* Database */,
				B33268312098CBC90056E7EE /* AppDelegate.swift */,
				B33268332098CBC90056E7EE /* ViewController.swift */,
				B33268352098CBC90056E7EE /* Main.storyboard */,
				B33268382098CBC90056E7EE /* Assets.xcassets */,
				B332683A2098CBC90056E7EE /* LaunchScreen.storyboard */,
				B332683D2098CBC90056E7EE /* Info.plist */,
			);
			path = TweetFlyers;
			sourceTree = "<group>";
		};
		B33268452098CBC90056E7EE /* TweetFlyersTests */ = {
			isa = PBXGroup;
			children = (
				B33268462098CBC90056E7EE /* TweetFlyersTests.swift */,
				B33268482098CBC90056E7EE /* Info.plist */,
			);
			path = TweetFlyersTests;
			sourceTree = "<group>";
		};
		B33268502098CBC90056E7EE /* TweetFlyersUITests */ = {
			isa = PBXGroup;
			children = (
				B33268512098CBC90056E7EE /* TweetFlyersUITests.swift */,
				B33268532098CBC90056E7EE /* Info.plist */,
			);
			path = TweetFlyersUITests;
			sourceTree = "<group>";
		};
		B33268612098CBEC0056E7EE /* Database */ = {
			isa = PBXGroup;
			children = (
				B33268642098CBFF0056E7EE /* FBDatabase.swift */,
				B33268662098CC040056E7EE /* Refs.swift */,
				B33268622098CBF90056E7EE /* FBAuth.swift */,
			);
			name = Database;
			path = "New Group";
			sourceTree = "<group>";
		};
		B332686E2098CC630056E7EE /* Cell */ = {
			isa = PBXGroup;
			children = (
				B332686B2098CC5D0056E7EE /* SearchTableViewCell.swift */,
				B332686A2098CC5D0056E7EE /* TweetTableViewCell.swift */,
				B33268682098CC4D0056E7EE /* ProfileTableViewCell.swift */,
			);
			path = Cell;
			sourceTree = "<group>";
		};
		B332686F2098CC910056E7EE /* Model */ = {
			isa = PBXGroup;
			children = (
				B33268732098CC9D0056E7EE /* Hashtag.swift */,
				B33268702098CC9D0056E7EE /* Model.swift */,
				B33268722098CC9D0056E7EE /* Tweet.swift */,
				B33268712098CC9D0056E7EE /* User.swift */,
			);
			path = Model;
			sourceTree = "<group>";
		};
		B33268782098CCB00056E7EE /* UIView */ = {
			isa = PBXGroup;
			children = (
				B33268792098CCC40056E7EE /* UIBindingActivityIndicatorView.swift */,
				B332687C2098CCC40056E7EE /* UIBindingTextField.swift */,
				B332687A2098CCC40056E7EE /* UIGradientButton.swift */,
				B332687B2098CCC40056E7EE /* UIProfileImageView.swift */,
			);
			path = UIView;
			sourceTree = "<group>";
		};
		B33268812098CCD20056E7EE /* ViewModel */ = {
			isa = PBXGroup;
			children = (
				B33268832098CCE40056E7EE /* NewTweetViewModel.swift */,
				B33268822098CCE40056E7EE /* RegistrationViewModel.swift */,
				B33268842098CCE50056E7EE /* SignInViewModel.swift */,
			);
			path = ViewModel;
			sourceTree = "<group>";
		};
		B37E9A942098DA0100F164B3 /* ViewController */ = {
			isa = PBXGroup;
			children = (
				B37E9A972098DA1000F164B3 /* NewTweetViewController.swift */,
				B37E9A992098DA1100F164B3 /* ProfileViewController.swift */,
				B37E9A952098DA1000F164B3 /* RegistrationPageOneViewController.swift */,
				B37E9A9A2098DA1100F164B3 /* RegistrationPageTwoViewController.swift */,
				B37E9A962098DA1000F164B3 /* SearchViewController.swift */,
				B37E9A982098DA1100F164B3 /* SignInViewController.swift */,
				B37E9A9B2098DA1100F164B3 /* TweetsViewController.swift */,
			);
			path = ViewController;
			sourceTree = "<group>";
		};
		F6EF4303D850D7A79DA5E1AD /* Frameworks */ = {
			isa = PBXGroup;
			children = (
				FED58DE6877E9304B10F9BAE /* Pods_TweetFlyers.framework */,
			);
			name = Frameworks;
			sourceTree = "<group>";
		};
/* End PBXGroup section */

/* Begin PBXNativeTarget section */
		B332682D2098CBC90056E7EE /* TweetFlyers */ = {
			isa = PBXNativeTarget;
			buildConfigurationList = B33268562098CBC90056E7EE /* Build configuration list for PBXNativeTarget "TweetFlyers" */;
			buildPhases = (
				62CC2608C96F12341EF31F88 /* [CP] Check Pods Manifest.lock */,
				B332682A2098CBC90056E7EE /* Sources */,
				B332682B2098CBC90056E7EE /* Frameworks */,
				B332682C2098CBC90056E7EE /* Resources */,
				8E41AE5A7F4D7B82F879D561 /* [CP] Embed Pods Frameworks */,
			);
			buildRules = (
			);
			dependencies = (
			);
			name = TweetFlyers;
			productName = TweetFlyers;
			productReference = B332682E2098CBC90056E7EE /* TweetFlyers.app */;
			productType = "com.apple.product-type.application";
		};
		B33268412098CBC90056E7EE /* TweetFlyersTests */ = {
			isa = PBXNativeTarget;
			buildConfigurationList = B33268592098CBC90056E7EE /* Build configuration list for PBXNativeTarget "TweetFlyersTests" */;
			buildPhases = (
				B332683E2098CBC90056E7EE /* Sources */,
				B332683F2098CBC90056E7EE /* Frameworks */,
				B33268402098CBC90056E7EE /* Resources */,
			);
			buildRules = (
			);
			dependencies = (
				B33268442098CBC90056E7EE /* PBXTargetDependency */,
			);
			name = TweetFlyersTests;
			productName = TweetFlyersTests;
			productReference = B33268422098CBC90056E7EE /* TweetFlyersTests.xctest */;
			productType = "com.apple.product-type.bundle.unit-test";
		};
		B332684C2098CBC90056E7EE /* TweetFlyersUITests */ = {
			isa = PBXNativeTarget;
			buildConfigurationList = B332685C2098CBC90056E7EE /* Build configuration list for PBXNativeTarget "TweetFlyersUITests" */;
			buildPhases = (
				B33268492098CBC90056E7EE /* Sources */,
				B332684A2098CBC90056E7EE /* Frameworks */,
				B332684B2098CBC90056E7EE /* Resources */,
			);
			buildRules = (
			);
			dependencies = (
				B332684F2098CBC90056E7EE /* PBXTargetDependency */,
			);
			name = TweetFlyersUITests;
			productName = TweetFlyersUITests;
			productReference = B332684D2098CBC90056E7EE /* TweetFlyersUITests.xctest */;
			productType = "com.apple.product-type.bundle.ui-testing";
		};
/* End PBXNativeTarget section */

/* Begin PBXProject section */
		B33268262098CBC90056E7EE /* Project object */ = {
			isa = PBXProject;
			attributes = {
				LastSwiftUpdateCheck = 0920;
				LastUpgradeCheck = 0920;
				ORGANIZATIONNAME = "Жанибек";
				TargetAttributes = {
					B332682D2098CBC90056E7EE = {
						CreatedOnToolsVersion = 9.2;
						ProvisioningStyle = Automatic;
					};
					B33268412098CBC90056E7EE = {
						CreatedOnToolsVersion = 9.2;
						ProvisioningStyle = Automatic;
						TestTargetID = B332682D2098CBC90056E7EE;
					};
					B332684C2098CBC90056E7EE = {
						CreatedOnToolsVersion = 9.2;
						ProvisioningStyle = Automatic;
						TestTargetID = B332682D2098CBC90056E7EE;
					};
				};
			};
			buildConfigurationList = B33268292098CBC90056E7EE /* Build configuration list for PBXProject "TweetFlyers" */;
			compatibilityVersion = "Xcode 8.0";
			developmentRegion = en;
			hasScannedForEncodings = 0;
			knownRegions = (
				en,
				Base,
			);
			mainGroup = B33268252098CBC90056E7EE;
			productRefGroup = B332682F2098CBC90056E7EE /* Products */;
			projectDirPath = "";
			projectRoot = "";
			targets = (
				B332682D2098CBC90056E7EE /* TweetFlyers */,
				B33268412098CBC90056E7EE /* TweetFlyersTests */,
				B332684C2098CBC90056E7EE /* TweetFlyersUITests */,
			);
		};
/* End PBXProject section */

/* Begin PBXResourcesBuildPhase section */
		B332682C2098CBC90056E7EE /* Resources */ = {
			isa = PBXResourcesBuildPhase;
			buildActionMask = 2147483647;
			files = (
				B332683C2098CBC90056E7EE /* LaunchScreen.storyboard in Resources */,
				B33268392098CBC90056E7EE /* Assets.xcassets in Resources */,
				B33268372098CBC90056E7EE /* Main.storyboard in Resources */,
				B33268892098CFB30056E7EE /* GoogleService-Info.plist in Resources */,
			);
			runOnlyForDeploymentPostprocessing = 0;
		};
		B33268402098CBC90056E7EE /* Resources */ = {
			isa = PBXResourcesBuildPhase;
			buildActionMask = 2147483647;
			files = (
			);
			runOnlyForDeploymentPostprocessing = 0;
		};
		B332684B2098CBC90056E7EE /* Resources */ = {
			isa = PBXResourcesBuildPhase;
			buildActionMask = 2147483647;
			files = (
			);
			runOnlyForDeploymentPostprocessing = 0;
		};
/* End PBXResourcesBuildPhase section */

/* Begin PBXShellScriptBuildPhase section */
		62CC2608C96F12341EF31F88 /* [CP] Check Pods Manifest.lock */ = {
			isa = PBXShellScriptBuildPhase;
			buildActionMask = 2147483647;
			files = (
			);
			inputPaths = (
				"${PODS_PODFILE_DIR_PATH}/Podfile.lock",
				"${PODS_ROOT}/Manifest.lock",
			);
			name = "[CP] Check Pods Manifest.lock";
			outputPaths = (
				"$(DERIVED_FILE_DIR)/Pods-TweetFlyers-checkManifestLockResult.txt",
			);
			runOnlyForDeploymentPostprocessing = 0;
			shellPath = /bin/sh;
			shellScript = "diff \"${PODS_PODFILE_DIR_PATH}/Podfile.lock\" \"${PODS_ROOT}/Manifest.lock\" > /dev/null\nif [ $? != 0 ] ; then\n    # print error to STDERR\n    echo \"error: The sandbox is not in sync with the Podfile.lock. Run 'pod install' or update your CocoaPods installation.\" >&2\n    exit 1\nfi\n# This output is used by Xcode 'outputs' to avoid re-running this script phase.\necho \"SUCCESS\" > \"${SCRIPT_OUTPUT_FILE_0}\"\n";
			showEnvVarsInLog = 0;
		};
		8E41AE5A7F4D7B82F879D561 /* [CP] Embed Pods Frameworks */ = {
			isa = PBXShellScriptBuildPhase;
			buildActionMask = 2147483647;
			files = (
			);
			inputPaths = (
				"${SRCROOT}/Pods/Target Support Files/Pods-TweetFlyers/Pods-TweetFlyers-frameworks.sh",
				"${BUILT_PRODUCTS_DIR}/GTMSessionFetcher/GTMSessionFetcher.framework",
				"${BUILT_PRODUCTS_DIR}/GoogleToolboxForMac/GoogleToolboxForMac.framework",
				"${BUILT_PRODUCTS_DIR}/JSQMessagesViewController/JSQMessagesViewController.framework",
				"${BUILT_PRODUCTS_DIR}/JSQSystemSoundPlayer/JSQSystemSoundPlayer.framework",
				"${BUILT_PRODUCTS_DIR}/MaterialTextField/MaterialTextField.framework",
				"${BUILT_PRODUCTS_DIR}/leveldb-library/leveldb.framework",
				"${BUILT_PRODUCTS_DIR}/nanopb/nanopb.framework",
			);
			name = "[CP] Embed Pods Frameworks";
			outputPaths = (
				"${TARGET_BUILD_DIR}/${FRAMEWORKS_FOLDER_PATH}/GTMSessionFetcher.framework",
				"${TARGET_BUILD_DIR}/${FRAMEWORKS_FOLDER_PATH}/GoogleToolboxForMac.framework",
				"${TARGET_BUILD_DIR}/${FRAMEWORKS_FOLDER_PATH}/JSQMessagesViewController.framework",
				"${TARGET_BUILD_DIR}/${FRAMEWORKS_FOLDER_PATH}/JSQSystemSoundPlayer.framework",
				"${TARGET_BUILD_DIR}/${FRAMEWORKS_FOLDER_PATH}/MaterialTextField.framework",
				"${TARGET_BUILD_DIR}/${FRAMEWORKS_FOLDER_PATH}/leveldb.framework",
				"${TARGET_BUILD_DIR}/${FRAMEWORKS_FOLDER_PATH}/nanopb.framework",
			);
			runOnlyForDeploymentPostprocessing = 0;
			shellPath = /bin/sh;
			shellScript = "\"${SRCROOT}/Pods/Target Support Files/Pods-TweetFlyers/Pods-TweetFlyers-frameworks.sh\"\n";
			showEnvVarsInLog = 0;
		};
/* End PBXShellScriptBuildPhase section */

/* Begin PBXSourcesBuildPhase section */
		B332682A2098CBC90056E7EE /* Sources */ = {
			isa = PBXSourcesBuildPhase;
			buildActionMask = 2147483647;
			files = (
				B33268742098CC9D0056E7EE /* Model.swift in Sources */,
				B33268852098CCE50056E7EE /* RegistrationViewModel.swift in Sources */,
				B33268652098CBFF0056E7EE /* FBDatabase.swift in Sources */,
				B33268872098CCE50056E7EE /* SignInViewModel.swift in Sources */,
				B332687D2098CCC40056E7EE /* UIBindingActivityIndicatorView.swift in Sources */,
				B33268632098CBF90056E7EE /* FBAuth.swift in Sources */,
				B37E9AA02098DA1100F164B3 /* ProfileViewController.swift in Sources */,
				B33268862098CCE50056E7EE /* NewTweetViewModel.swift in Sources */,
				B37E9A9E2098DA1100F164B3 /* NewTweetViewController.swift in Sources */,
				B37E9AA12098DA1100F164B3 /* RegistrationPageTwoViewController.swift in Sources */,
				B37E9A9C2098DA1100F164B3 /* RegistrationPageOneViewController.swift in Sources */,
				B33268342098CBC90056E7EE /* ViewController.swift in Sources */,
				B33268802098CCC40056E7EE /* UIBindingTextField.swift in Sources */,
				B332687E2098CCC40056E7EE /* UIGradientButton.swift in Sources */,
				B33268772098CC9D0056E7EE /* Hashtag.swift in Sources */,
				B33268692098CC4D0056E7EE /* ProfileTableViewCell.swift in Sources */,
				B33268672098CC040056E7EE /* Refs.swift in Sources */,
				B332686D2098CC5D0056E7EE /* SearchTableViewCell.swift in Sources */,
				B37E9AA22098DA1100F164B3 /* TweetsViewController.swift in Sources */,
				B37E9A9D2098DA1100F164B3 /* SearchViewController.swift in Sources */,
				B33268322098CBC90056E7EE /* AppDelegate.swift in Sources */,
				B332687F2098CCC40056E7EE /* UIProfileImageView.swift in Sources */,
				B33268752098CC9D0056E7EE /* User.swift in Sources */,
				B332686C2098CC5D0056E7EE /* TweetTableViewCell.swift in Sources */,
				B37E9A9F2098DA1100F164B3 /* SignInViewController.swift in Sources */,
				B33268762098CC9D0056E7EE /* Tweet.swift in Sources */,
			);
			runOnlyForDeploymentPostprocessing = 0;
		};
		B332683E2098CBC90056E7EE /* Sources */ = {
			isa = PBXSourcesBuildPhase;
			buildActionMask = 2147483647;
			files = (
				B33268472098CBC90056E7EE /* TweetFlyersTests.swift in Sources */,
			);
			runOnlyForDeploymentPostprocessing = 0;
		};
		B33268492098CBC90056E7EE /* Sources */ = {
			isa = PBXSourcesBuildPhase;
			buildActionMask = 2147483647;
			files = (
				B33268522098CBC90056E7EE /* TweetFlyersUITests.swift in Sources */,
			);
			runOnlyForDeploymentPostprocessing = 0;
		};
/* End PBXSourcesBuildPhase section */

/* Begin PBXTargetDependency section */
		B33268442098CBC90056E7EE /* PBXTargetDependency */ = {
			isa = PBXTargetDependency;
			target = B332682D2098CBC90056E7EE /* TweetFlyers */;
			targetProxy = B33268432098CBC90056E7EE /* PBXContainerItemProxy */;
		};
		B332684F2098CBC90056E7EE /* PBXTargetDependency */ = {
			isa = PBXTargetDependency;
			target = B332682D2098CBC90056E7EE /* TweetFlyers */;
			targetProxy = B332684E2098CBC90056E7EE /* PBXContainerItemProxy */;
		};
/* End PBXTargetDependency section */

/* Begin PBXVariantGroup section */
		B33268352098CBC90056E7EE /* Main.storyboard */ = {
			isa = PBXVariantGroup;
			children = (
				B33268362098CBC90056E7EE /* Base */,
			);
			name = Main.storyboard;
			sourceTree = "<group>";
		};
		B332683A2098CBC90056E7EE /* LaunchScreen.storyboard */ = {
			isa = PBXVariantGroup;
			children = (
				B332683B2098CBC90056E7EE /* Base */,
			);
			name = LaunchScreen.storyboard;
			sourceTree = "<group>";
		};
/* End PBXVariantGroup section */

/* Begin XCBuildConfiguration section */
		B33268542098CBC90056E7EE /* Debug */ = {
			isa = XCBuildConfiguration;
			buildSettings = {
				ALWAYS_SEARCH_USER_PATHS = NO;
				CLANG_ANALYZER_NONNULL = YES;
				CLANG_ANALYZER_NUMBER_OBJECT_CONVERSION = YES_AGGRESSIVE;
				CLANG_CXX_LANGUAGE_STANDARD = "gnu++14";
				CLANG_CXX_LIBRARY = "libc++";
				CLANG_ENABLE_MODULES = YES;
				CLANG_ENABLE_OBJC_ARC = YES;
				CLANG_WARN_BLOCK_CAPTURE_AUTORELEASING = YES;
				CLANG_WARN_BOOL_CONVERSION = YES;
				CLANG_WARN_COMMA = YES;
				CLANG_WARN_CONSTANT_CONVERSION = YES;
				CLANG_WARN_DIRECT_OBJC_ISA_USAGE = YES_ERROR;
				CLANG_WARN_DOCUMENTATION_COMMENTS = YES;
				CLANG_WARN_EMPTY_BODY = YES;
				CLANG_WARN_ENUM_CONVERSION = YES;
				CLANG_WARN_INFINITE_RECURSION = YES;
				CLANG_WARN_INT_CONVERSION = YES;
				CLANG_WARN_NON_LITERAL_NULL_CONVERSION = YES;
				CLANG_WARN_OBJC_LITERAL_CONVERSION = YES;
				CLANG_WARN_OBJC_ROOT_CLASS = YES_ERROR;
				CLANG_WARN_RANGE_LOOP_ANALYSIS = YES;
				CLANG_WARN_STRICT_PROTOTYPES = YES;
				CLANG_WARN_SUSPICIOUS_MOVE = YES;
				CLANG_WARN_UNGUARDED_AVAILABILITY = YES_AGGRESSIVE;
				CLANG_WARN_UNREACHABLE_CODE = YES;
				CLANG_WARN__DUPLICATE_METHOD_MATCH = YES;
				CODE_SIGN_IDENTITY = "iPhone Developer";
				COPY_PHASE_STRIP = NO;
				DEBUG_INFORMATION_FORMAT = dwarf;
				ENABLE_STRICT_OBJC_MSGSEND = YES;
				ENABLE_TESTABILITY = YES;
				GCC_C_LANGUAGE_STANDARD = gnu11;
				GCC_DYNAMIC_NO_PIC = NO;
				GCC_NO_COMMON_BLOCKS = YES;
				GCC_OPTIMIZATION_LEVEL = 0;
				GCC_PREPROCESSOR_DEFINITIONS = (
					"DEBUG=1",
					"$(inherited)",
				);
				GCC_WARN_64_TO_32_BIT_CONVERSION = YES;
				GCC_WARN_ABOUT_RETURN_TYPE = YES_ERROR;
				GCC_WARN_UNDECLARED_SELECTOR = YES;
				GCC_WARN_UNINITIALIZED_AUTOS = YES_AGGRESSIVE;
				GCC_WARN_UNUSED_FUNCTION = YES;
				GCC_WARN_UNUSED_VARIABLE = YES;
				IPHONEOS_DEPLOYMENT_TARGET = 11.2;
				MTL_ENABLE_DEBUG_INFO = YES;
				ONLY_ACTIVE_ARCH = YES;
				SDKROOT = iphoneos;
				SWIFT_ACTIVE_COMPILATION_CONDITIONS = DEBUG;
				SWIFT_OPTIMIZATION_LEVEL = "-Onone";
			};
			name = Debug;
		};
		B33268552098CBC90056E7EE /* Release */ = {
			isa = XCBuildConfiguration;
			buildSettings = {
				ALWAYS_SEARCH_USER_PATHS = NO;
				CLANG_ANALYZER_NONNULL = YES;
				CLANG_ANALYZER_NUMBER_OBJECT_CONVERSION = YES_AGGRESSIVE;
				CLANG_CXX_LANGUAGE_STANDARD = "gnu++14";
				CLANG_CXX_LIBRARY = "libc++";
				CLANG_ENABLE_MODULES = YES;
				CLANG_ENABLE_OBJC_ARC = YES;
				CLANG_WARN_BLOCK_CAPTURE_AUTORELEASING = YES;
				CLANG_WARN_BOOL_CONVERSION = YES;
				CLANG_WARN_COMMA = YES;
				CLANG_WARN_CONSTANT_CONVERSION = YES;
				CLANG_WARN_DIRECT_OBJC_ISA_USAGE = YES_ERROR;
				CLANG_WARN_DOCUMENTATION_COMMENTS = YES;
				CLANG_WARN_EMPTY_BODY = YES;
				CLANG_WARN_ENUM_CONVERSION = YES;
				CLANG_WARN_INFINITE_RECURSION = YES;
				CLANG_WARN_INT_CONVERSION = YES;
				CLANG_WARN_NON_LITERAL_NULL_CONVERSION = YES;
				CLANG_WARN_OBJC_LITERAL_CONVERSION = YES;
				CLANG_WARN_OBJC_ROOT_CLASS = YES_ERROR;
				CLANG_WARN_RANGE_LOOP_ANALYSIS = YES;
				CLANG_WARN_STRICT_PROTOTYPES = YES;
				CLANG_WARN_SUSPICIOUS_MOVE = YES;
				CLANG_WARN_UNGUARDED_AVAILABILITY = YES_AGGRESSIVE;
				CLANG_WARN_UNREACHABLE_CODE = YES;
				CLANG_WARN__DUPLICATE_METHOD_MATCH = YES;
				CODE_SIGN_IDENTITY = "iPhone Developer";
				COPY_PHASE_STRIP = NO;
				DEBUG_INFORMATION_FORMAT = "dwarf-with-dsym";
				ENABLE_NS_ASSERTIONS = NO;
				ENABLE_STRICT_OBJC_MSGSEND = YES;
				GCC_C_LANGUAGE_STANDARD = gnu11;
				GCC_NO_COMMON_BLOCKS = YES;
				GCC_WARN_64_TO_32_BIT_CONVERSION = YES;
				GCC_WARN_ABOUT_RETURN_TYPE = YES_ERROR;
				GCC_WARN_UNDECLARED_SELECTOR = YES;
				GCC_WARN_UNINITIALIZED_AUTOS = YES_AGGRESSIVE;
				GCC_WARN_UNUSED_FUNCTION = YES;
				GCC_WARN_UNUSED_VARIABLE = YES;
				IPHONEOS_DEPLOYMENT_TARGET = 11.2;
				MTL_ENABLE_DEBUG_INFO = NO;
				SDKROOT = iphoneos;
				SWIFT_OPTIMIZATION_LEVEL = "-Owholemodule";
				VALIDATE_PRODUCT = YES;
			};
			name = Release;
		};
		B33268572098CBC90056E7EE /* Debug */ = {
			isa = XCBuildConfiguration;
			baseConfigurationReference = AA19A616A09ACDD28C7D74D4 /* Pods-TweetFlyers.debug.xcconfig */;
			buildSettings = {
				ASSETCATALOG_COMPILER_APPICON_NAME = AppIcon;
				CODE_SIGN_STYLE = Automatic;
				INFOPLIST_FILE = TweetFlyers/Info.plist;
				LD_RUNPATH_SEARCH_PATHS = "$(inherited) @executable_path/Frameworks";
				PRODUCT_BUNDLE_IDENTIFIER = dfsv.TweetFlyers;
				PRODUCT_NAME = "$(TARGET_NAME)";
				SWIFT_VERSION = 4.0;
				TARGETED_DEVICE_FAMILY = "1,2";
			};
			name = Debug;
		};
		B33268582098CBC90056E7EE /* Release */ = {
			isa = XCBuildConfiguration;
			baseConfigurationReference = 7D93700B54EA073BA4C76DDC /* Pods-TweetFlyers.release.xcconfig */;
			buildSettings = {
				ASSETCATALOG_COMPILER_APPICON_NAME = AppIcon;
				CODE_SIGN_STYLE = Automatic;
				INFOPLIST_FILE = TweetFlyers/Info.plist;
				LD_RUNPATH_SEARCH_PATHS = "$(inherited) @executable_path/Frameworks";
				PRODUCT_BUNDLE_IDENTIFIER = dfsv.TweetFlyers;
				PRODUCT_NAME = "$(TARGET_NAME)";
				SWIFT_VERSION = 4.0;
				TARGETED_DEVICE_FAMILY = "1,2";
			};
			name = Release;
		};
		B332685A2098CBC90056E7EE /* Debug */ = {
			isa = XCBuildConfiguration;
			buildSettings = {
				ALWAYS_EMBED_SWIFT_STANDARD_LIBRARIES = YES;
				BUNDLE_LOADER = "$(TEST_HOST)";
				CODE_SIGN_STYLE = Automatic;
				INFOPLIST_FILE = TweetFlyersTests/Info.plist;
				LD_RUNPATH_SEARCH_PATHS = "$(inherited) @executable_path/Frameworks @loader_path/Frameworks";
				PRODUCT_BUNDLE_IDENTIFIER = dfsv.TweetFlyersTests;
				PRODUCT_NAME = "$(TARGET_NAME)";
				SWIFT_VERSION = 4.0;
				TARGETED_DEVICE_FAMILY = "1,2";
				TEST_HOST = "$(BUILT_PRODUCTS_DIR)/TweetFlyers.app/TweetFlyers";
			};
			name = Debug;
		};
		B332685B2098CBC90056E7EE /* Release */ = {
			isa = XCBuildConfiguration;
			buildSettings = {
				ALWAYS_EMBED_SWIFT_STANDARD_LIBRARIES = YES;
				BUNDLE_LOADER = "$(TEST_HOST)";
				CODE_SIGN_STYLE = Automatic;
				INFOPLIST_FILE = TweetFlyersTests/Info.plist;
				LD_RUNPATH_SEARCH_PATHS = "$(inherited) @executable_path/Frameworks @loader_path/Frameworks";
				PRODUCT_BUNDLE_IDENTIFIER = dfsv.TweetFlyersTests;
				PRODUCT_NAME = "$(TARGET_NAME)";
				SWIFT_VERSION = 4.0;
				TARGETED_DEVICE_FAMILY = "1,2";
				TEST_HOST = "$(BUILT_PRODUCTS_DIR)/TweetFlyers.app/TweetFlyers";
			};
			name = Release;
		};
		B332685D2098CBC90056E7EE /* Debug */ = {
			isa = XCBuildConfiguration;
			buildSettings = {
				ALWAYS_EMBED_SWIFT_STANDARD_LIBRARIES = YES;
				CODE_SIGN_STYLE = Automatic;
				INFOPLIST_FILE = TweetFlyersUITests/Info.plist;
				LD_RUNPATH_SEARCH_PATHS = "$(inherited) @executable_path/Frameworks @loader_path/Frameworks";
				PRODUCT_BUNDLE_IDENTIFIER = dfsv.TweetFlyersUITests;
				PRODUCT_NAME = "$(TARGET_NAME)";
				SWIFT_VERSION = 4.0;
				TARGETED_DEVICE_FAMILY = "1,2";
				TEST_TARGET_NAME = TweetFlyers;
			};
			name = Debug;
		};
		B332685E2098CBC90056E7EE /* Release */ = {
			isa = XCBuildConfiguration;
			buildSettings = {
				ALWAYS_EMBED_SWIFT_STANDARD_LIBRARIES = YES;
				CODE_SIGN_STYLE = Automatic;
				INFOPLIST_FILE = TweetFlyersUITests/Info.plist;
				LD_RUNPATH_SEARCH_PATHS = "$(inherited) @executable_path/Frameworks @loader_path/Frameworks";
				PRODUCT_BUNDLE_IDENTIFIER = dfsv.TweetFlyersUITests;
				PRODUCT_NAME = "$(TARGET_NAME)";
				SWIFT_VERSION = 4.0;
				TARGETED_DEVICE_FAMILY = "1,2";
				TEST_TARGET_NAME = TweetFlyers;
			};
			name = Release;
		};
/* End XCBuildConfiguration section */

/* Begin XCConfigurationList section */
		B33268292098CBC90056E7EE /* Build configuration list for PBXProject "TweetFlyers" */ = {
			isa = XCConfigurationList;
			buildConfigurations = (
				B33268542098CBC90056E7EE /* Debug */,
				B33268552098CBC90056E7EE /* Release */,
			);
			defaultConfigurationIsVisible = 0;
			defaultConfigurationName = Release;
		};
		B33268562098CBC90056E7EE /* Build configuration list for PBXNativeTarget "TweetFlyers" */ = {
			isa = XCConfigurationList;
			buildConfigurations = (
				B33268572098CBC90056E7EE /* Debug */,
				B33268582098CBC90056E7EE /* Release */,
			);
			defaultConfigurationIsVisible = 0;
			defaultConfigurationName = Release;
		};
		B33268592098CBC90056E7EE /* Build configuration list for PBXNativeTarget "TweetFlyersTests" */ = {
			isa = XCConfigurationList;
			buildConfigurations = (
				B332685A2098CBC90056E7EE /* Debug */,
				B332685B2098CBC90056E7EE /* Release */,
			);
			defaultConfigurationIsVisible = 0;
			defaultConfigurationName = Release;
		};
		B332685C2098CBC90056E7EE /* Build configuration list for PBXNativeTarget "TweetFlyersUITests" */ = {
			isa = XCConfigurationList;
			buildConfigurations = (
				B332685D2098CBC90056E7EE /* Debug */,
				B332685E2098CBC90056E7EE /* Release */,
			);
			defaultConfigurationIsVisible = 0;
			defaultConfigurationName = Release;
		};
/* End XCConfigurationList section */
	};
	rootObject = B33268262098CBC90056E7EE /* Project object */;
}
